{
  "name": "ruflo",
  "version": "1.0.0",
  "lockfileVersion": 3,
  "requires": true,
  "packages": {
    "": {
      "name": "ruflo",
      "version": "1.0.0",
      "license": "ISC",
      "dependencies": {
        "ruflo": "^3.10.37"
      }
    },
    "node_modules/@claude-flow/cli": {
      "version": "3.10.37",
      "hasInstallScript": true,
      "license": "MIT",
      "dependencies": {
        "@claude-flow/cli-core": "^3.7.0-alpha.5",
        "@claude-flow/mcp": "^3.0.0-alpha.8",
        "@claude-flow/neural": "^3.0.0-alpha.9",
        "@claude-flow/shared": "^3.0.0-alpha.7",
        "@noble/ed25519": "^2.1.0",
        "@ruvector/rabitq-wasm": "^0.1.0",
        "semver": "^7.6.0",
        "yaml": "^2.8.0"
      },
      "bin": {
        "claude-flow": "bin/cli.js",
        "claude-flow-mcp": "bin/mcp-server.js",
        "cli": "bin/cli.js"
      },
      "optionalDependencies": {
        "@claude-flow/aidefence": "^3.0.2",
        "@claude-flow/codex": "^3.0.0-alpha.8",
        "@claude-flow/embeddings": "^3.0.0-alpha.18",
        "@claude-flow/guidance": "^3.0.0-alpha.1",
        "@claude-flow/memory": "^3.0.0-alpha.17",
        "@claude-flow/plugin-gastown-bridge": "^0.1.3",
        "@claude-flow/security": "^3.0.0-alpha.8",
        "@ruvector/attention": "^0.1.32",
        "@ruvector/attention-darwin-arm64": "0.1.32",
        "@ruvector/diskann": "^0.1.0",
        "@ruvector/learning-wasm": "^0.1.29",
        "@ruvector/router": "^0.1.30",
        "@ruvector/ruvllm-wasm": "^2.0.2",
        "@ruvector/rvagent-wasm": "^0.1.0",
        "@ruvector/sona": "^0.1.6",
        "agentdb": "^3.0.0-alpha.16",
        "agentic-flow": "^3.0.0-alpha.1",
        "ruvector": "^0.2.27"
      }
    },
    "node_modules/@claude-flow/cli-core": {
      "version": "3.7.0-alpha.5",
      "license": "MIT",
      "bin": {
        "claude-flow-core": "dist/src/index.js"
      }
    },
    "node_modules/@claude-flow/cli/node_modules/@claude-flow/shared": {
      "version": "3.0.0-alpha.8",
      "dependencies": {
        "sql.js": "^1.10.3"
      }
    },
    "node_modules/@claude-flow/cli/node_modules/sql.js": {
      "version": "1.14.1",
      "license": "MIT"
    },
    "node_modules/@claude-flow/cli/node_modules/yaml": {
      "version": "2.9.0",
      "license": "ISC",
      "bin": {
        "yaml": "bin.mjs"
      },
      "engines": {
        "node": ">= 14.6"
      },
      "funding": {
        "url": "https://github.com/sponsors/eemeli"
      }
    },
    "node_modules/@claude-flow/mcp": {
      "version": "3.0.0-alpha.9",
      "dependencies": {
        "ajv": "^8.12.0",
        "cors": "^2.8.5",
        "express": "^4.18.2",
        "helmet": "^7.1.0",
        "ws": "^8.14.2"
      }
    },
    "node_modules/@claude-flow/memory": {
      "version": "3.0.0-alpha.19",
      "cpu": [
        "x64",
        "arm64"
      ],
      "os": [
        "darwin",
        "linux",
        "win32"
      ],
      "dependencies": {
        "agentdb": "^3.0.0-alpha.16",
        "sql.js": "^1.10.3"
      },
      "optionalDependencies": {
        "better-sqlite3": "^12.9.0"
      }
    },
    "node_modules/@claude-flow/memory/node_modules/agentdb": {
      "version": "3.0.0-alpha.16",
      "hasInstallScript": true,
      "license": "MIT",
      "dependencies": {
        "@modelcontextprotocol/sdk": "^1.20.1",
        "@opentelemetry/api": "^1.9.0",
        "@ruvector/graph-transformer": "^2.0.4",
        "ajv": "^8.18.0",
        "jsonwebtoken": "^9.0.2",
        "sql.js": "^1.13.0"
      },
      "bin": {
        "agentdb": "dist/src/cli/agentdb-cli.js"
      },
      "engines": {
        "node": ">=18.0.0"
      },
      "optionalDependencies": {
        "@opentelemetry/resources": "^1.25.0",
        "@opentelemetry/sdk-node": "^0.218.0",
        "@opentelemetry/semantic-conventions": "^1.25.0",
        "@ruvector/attention": "^0.1.2",
        "@ruvector/gnn": "^0.1.23",
        "@ruvector/graph-node": "^2.0.2",
        "@ruvector/router": "^0.1.15",
        "@ruvector/ruvllm": "^2.5.1",
        "@ruvector/rvf": "^0.1.9",
        "@ruvector/rvf-node": "^0.1.7",
        "@ruvector/rvf-solver": "^0.1.7",
        "@ruvector/rvf-wasm": "^0.1.6",
        "@ruvector/sona": "^0.1.4",
        "@xenova/transformers": "^2.17.2",
        "argon2": "^0.44.0",
        "better-sqlite3": "^11.8.1",
        "chalk": "^5.3.0",
        "commander": "^12.1.0",
        "hnswlib-node": "^3.0.0",
        "inquirer": "^9.3.8",
        "ruvector": "^0.1.30",
        "ruvector-attention-wasm": "^0.1.32",
        "ruvector-graph-transformer-wasm": "^2.0.4"
      }
    },
    "node_modules/@claude-flow/neural": {
      "version": "3.0.0-alpha.9",
      "license": "MIT",
      "dependencies": {
        "@claude-flow/memory": "^3.0.0-alpha.16",
        "@ruvector/sona": "0.1.5"
      },
      "optionalDependencies": {
        "agentdb": "^2.0.0 || ^3.0.0-alpha.1"
      }
    },
    "node_modules/@claude-flow/neural/node_modules/@ruvector/sona": {
      "version": "0.1.5",
      "license": "MIT OR Apache-2.0",
      "engines": {
        "node": ">= 16"
      },
      "optionalDependencies": {
        "@ruvector/sona-darwin-arm64": "0.1.5",
        "@ruvector/sona-darwin-x64": "0.1.5",
        "@ruvector/sona-linux-arm64-gnu": "0.1.5",
        "@ruvector/sona-linux-x64-gnu": "0.1.5",
        "@ruvector/sona-linux-x64-musl": "0.1.5",
        "@ruvector/sona-win32-arm64-msvc": "0.1.5",
        "@ruvector/sona-win32-x64-msvc": "0.1.5"
      }
    },
    "node_modules/@noble/ed25519": {
      "version": "2.3.0",
      "license": "MIT",
      "funding": {
        "url": "https://paulmillr.com/funding/"
      }
    },
    "node_modules/@ruvector/rabitq-wasm": {
      "version": "0.1.0",
      "license": "MIT OR Apache-2.0"
    },
    "node_modules/accepts": {
      "version": "1.3.8",
      "license": "MIT",
      "dependencies": {
        "mime-types": "~2.1.34",
        "negotiator": "0.6.3"
      },
      "engines": {
        "node": ">= 0.6"
      }
    },
    "node_modules/ajv": {
      "version": "8.20.0",
      "license": "MIT",
      "dependencies": {
        "fast-deep-equal": "^3.1.3",
        "fast-uri": "^3.0.1",
        "json-schema-traverse": "^1.0.0",
        "require-from-string": "^2.0.2"
      },
      "funding": {
        "type": "github",
        "url": "https://github.com/sponsors/epoberezkin"
      }
    },
    "node_modules/array-flatten": {
      "version": "1.1.1",
      "license": "MIT"
    },
    "node_modules/body-parser": {
      "version": "1.20.5",
      "license": "MIT",
      "dependencies": {
        "bytes": "~3.1.2",
        "content-type": "~1.0.5",
        "debug": "2.6.9",
        "depd": "2.0.0",
        "destroy": "~1.2.0",
        "http-errors": "~2.0.1",
        "iconv-lite": "~0.4.24",
        "on-finished": "~2.4.1",
        "qs": "~6.15.1",
        "raw-body": "~2.5.3",
        "type-is": "~1.6.18",
        "unpipe": "~1.0.0"
      },
      "engines": {
        "node": ">= 0.8",
        "npm": "1.2.8000 || >= 1.4.16"
      }
    },
    "node_modules/body-parser/node_modules/raw-body": {
      "version": "2.5.3",
      "license": "MIT",
      "dependencies": {
        "bytes": "~3.1.2",
        "http-errors": "~2.0.1",
        "iconv-lite": "~0.4.24",
        "unpipe": "~1.0.0"
      },
      "engines": {
        "node": ">= 0.8"
      }
    },
    "node_modules/bytes": {
      "version": "3.1.2",
      "license": "MIT",
      "engines": {
        "node": ">= 0.8"
      }
    },
    "node_modules/call-bind-apply-helpers": {
      "version": "1.0.2",
      "license": "MIT",
      "dependencies": {
        "es-errors": "^1.3.0",
        "function-bind": "^1.1.2"
      },
      "engines": {
        "node": ">= 0.4"
      }
    },
    "node_modules/call-bound": {
      "version": "1.0.4",
      "license": "MIT",
      "dependencies": {
        "call-bind-apply-helpers": "^1.0.2",
        "get-intrinsic": "^1.3.0"
      },
      "engines": {
        "node": ">= 0.4"
      },
      "funding": {
        "url": "https://github.com/sponsors/ljharb"
      }
    },
    "node_modules/content-disposition": {
      "version": "0.5.4",
      "license": "MIT",
      "dependencies": {
        "safe-buffer": "5.2.1"
      },
      "engines": {
        "node": ">= 0.6"
      }
    },
    "node_modules/content-type": {
      "version": "1.0.5",
      "license": "MIT",
      "engines": {
        "node": ">= 0.6"
      }
    },
    "node_modules/cookie": {
      "version": "0.7.2",
      "license": "MIT",
      "engines": {
        "node": ">= 0.6"
      }
    },
    "node_modules/cookie-signature": {
      "version": "1.0.7",
      "license": "MIT"
    },
    "node_modules/cors": {
      "version": "2.8.6",
      "license": "MIT",
      "dependencies": {
        "object-assign": "^4",
        "vary": "^1"
      },
      "engines": {
        "node": ">= 0.10"
      },
      "funding": {
        "type": "opencollective",
        "url": "https://opencollective.com/express"
      }
    },
    "node_modules/debug": {
      "version": "2.6.9",
      "license": "MIT",
      "dependencies": {
        "ms": "2.0.0"
      }
    },
    "node_modules/depd": {
      "version": "2.0.0",
      "license": "MIT",
      "engines": {
        "node": ">= 0.8"
      }
    },
    "node_modules/destroy": {
      "version": "1.2.0",
      "license": "MIT",
      "engines": {
        "node": ">= 0.8",
        "npm": "1.2.8000 || >= 1.4.16"
      }
    },
    "node_modules/dunder-proto": {
      "version": "1.0.1",
      "license": "MIT",
      "dependencies": {
        "call-bind-apply-helpers": "^1.0.1",
        "es-errors": "^1.3.0",
        "gopd": "^1.2.0"
      },
      "engines": {
        "node": ">= 0.4"
      }
    },
    "node_modules/ee-first": {
      "version": "1.1.1",
      "license": "MIT"
    },
    "node_modules/encodeurl": {
      "version": "2.0.0",
      "license": "MIT",
      "engines": {
        "node": ">= 0.8"
      }
    },
    "node_modules/es-define-property": {
      "version": "1.0.1",
      "license": "MIT",
      "engines": {
        "node": ">= 0.4"
      }
    },
    "node_modules/es-errors": {
      "version": "1.3.0",
      "license": "MIT",
      "engines": {
        "node": ">= 0.4"
      }
    },
    "node_modules/es-object-atoms": {
      "version": "1.1.2",
      "license": "MIT",
      "dependencies": {
        "es-errors": "^1.3.0"
      },
      "engines": {
        "node": ">= 0.4"
      }
    },
    "node_modules/escape-html": {
      "version": "1.0.3",
      "license": "MIT"
    },
    "node_modules/etag": {
      "version": "1.8.1",
      "license": "MIT",
      "engines": {
        "node": ">= 0.6"
      }
    },
    "node_modules/express": {
      "version": "4.22.2",
      "license": "MIT",
      "dependencies": {
        "accepts": "~1.3.8",
        "array-flatten": "1.1.1",
        "body-parser": "~1.20.5",
        "content-disposition": "~0.5.4",
        "content-type": "~1.0.4",
        "cookie": "~0.7.1",
        "cookie-signature": "~1.0.6",
        "debug": "2.6.9",
        "depd": "2.0.0",
        "encodeurl": "~2.0.0",
        "escape-html": "~1.0.3",
        "etag": "~1.8.1",
        "finalhandler": "~1.3.1",
        "fresh": "~0.5.2",
        "http-errors": "~2.0.0",
        "merge-descriptors": "1.0.3",
        "methods": "~1.1.2",
        "on-finished": "~2.4.1",
        "parseurl": "~1.3.3",
        "path-to-regexp": "~0.1.12",
        "proxy-addr": "~2.0.7",
        "qs": "~6.15.1",
        "range-parser": "~1.2.1",
        "safe-buffer": "5.2.1",
        "send": "~0.19.0",
        "serve-static": "~1.16.2",
        "setprototypeof": "1.2.0",
        "statuses": "~2.0.1",
        "type-is": "~1.6.18",
        "utils-merge": "1.0.1",
        "vary": "~1.1.2"
      },
      "engines": {
        "node": ">= 0.10.0"
      },
      "funding": {
        "type": "opencollective",
        "url": "https://opencollective.com/express"
      }
    },
    "node_modules/finalhandler": {
      "version": "1.3.2",
      "license": "MIT",
      "dependencies": {
        "debug": "2.6.9",
        "encodeurl": "~2.0.0",
        "escape-html": "~1.0.3",
        "on-finished": "~2.4.1",
        "parseurl": "~1.3.3",
        "statuses": "~2.0.2",
        "unpipe": "~1.0.0"
      },
      "engines": {
        "node": ">= 0.8"
      }
    },
    "node_modules/forwarded": {
      "version": "0.2.0",
      "license": "MIT",
      "engines": {
        "node": ">= 0.6"
      }
    },
    "node_modules/fresh": {
      "version": "0.5.2",
      "license": "MIT",
      "engines": {
        "node": ">= 0.6"
      }
    },
    "node_modules/function-bind": {
      "version": "1.1.2",
      "license": "MIT",
      "funding": {
        "url": "https://github.com/sponsors/ljharb"
      }
    },
    "node_modules/get-intrinsic": {
      "version": "1.3.0",
      "license": "MIT",
      "dependencies": {
        "call-bind-apply-helpers": "^1.0.2",
        "es-define-property": "^1.0.1",
        "es-errors": "^1.3.0",
        "es-object-atoms": "^1.1.1",
        "function-bind": "^1.1.2",
        "get-proto": "^1.0.1",
        "gopd": "^1.2.0",
        "has-symbols": "^1.1.0",
        "hasown": "^2.0.2",
        "math-intrinsics": "^1.1.0"
      },
      "engines": {
        "node": ">= 0.4"
      },
      "funding": {
        "url": "https://github.com/sponsors/ljharb"
      }
    },
    "node_modules/get-proto": {
      "version": "1.0.1",
      "license": "MIT",
      "dependencies": {
        "dunder-proto": "^1.0.1",
        "es-object-atoms": "^1.0.0"
      },
      "engines": {
        "node": ">= 0.4"
      }
    },
    "node_modules/gopd": {
      "version": "1.2.0",
      "license": "MIT",
      "engines": {
        "node": ">= 0.4"
      },
      "funding": {
        "url": "https://github.com/sponsors/ljharb"
      }
    },
    "node_modules/has-symbols": {
      "version": "1.1.0",
      "license": "MIT",
      "engines": {
        "node": ">= 0.4"
      },
      "funding": {
        "url": "https://github.com/sponsors/ljharb"
      }
    },
    "node_modules/hasown": {
      "version": "2.0.4",
      "license": "MIT",
      "dependencies": {
        "function-bind": "^1.1.2"
      },
      "engines": {
        "node": ">= 0.4"
      }
    },
    "node_modules/helmet": {
      "version": "7.2.0",
      "license": "MIT",
      "engines": {
        "node": ">=16.0.0"
      }
    },
    "node_modules/http-errors": {
      "version": "2.0.1",
      "license": "MIT",
      "dependencies": {
        "depd": "~2.0.0",
        "inherits": "~2.0.4",
        "setprototypeof": "~1.2.0",
        "statuses": "~2.0.2",
        "toidentifier": "~1.0.1"
      },
      "engines": {
        "node": ">= 0.8"
      },
      "funding": {
        "type": "opencollective",
        "url": "https://opencollective.com/express"
      }
    },
    "node_modules/iconv-lite": {
      "version": "0.4.24",
      "license": "MIT",
      "dependencies": {
        "safer-buffer": ">= 2.1.2 < 3"
      },
      "engines": {
        "node": ">=0.10.0"
      }
    },
    "node_modules/inherits": {
      "version": "2.0.4",
      "license": "ISC"
    },
    "node_modules/ipaddr.js": {
      "version": "1.9.1",
      "license": "MIT",
      "engines": {
        "node": ">= 0.10"
      }
    },
    "node_modules/math-intrinsics": {
      "version": "1.1.0",
      "license": "MIT",
      "engines": {
        "node": ">= 0.4"
      }
    },
    "node_modules/media-typer": {
      "version": "0.3.0",
      "license": "MIT",
      "engines": {
        "node": ">= 0.6"
      }
    },
    "node_modules/merge-descriptors": {
      "version": "1.0.3",
      "license": "MIT",
      "funding": {
        "url": "https://github.com/sponsors/sindresorhus"
      }
    },
    "node_modules/methods": {
      "version": "1.1.2",
      "license": "MIT",
      "engines": {
        "node": ">= 0.6"
      }
    },
    "node_modules/mime": {
      "version": "1.6.0",
      "license": "MIT",
      "bin": {
        "mime": "cli.js"
      },
      "engines": {
        "node": ">=4"
      }
    },
    "node_modules/mime-db": {
      "version": "1.52.0",
      "license": "MIT",
      "engines": {
        "node": ">= 0.6"
      }
    },
    "node_modules/mime-types": {
      "version": "2.1.35",
      "license": "MIT",
      "dependencies": {
        "mime-db": "1.52.0"
      },
      "engines": {
        "node": ">= 0.6"
      }
    },
    "node_modules/ms": {
      "version": "2.0.0",
      "license": "MIT"
    },
    "node_modules/negotiator": {
      "version": "0.6.3",
      "license": "MIT",
      "engines": {
        "node": ">= 0.6"
      }
    },
    "node_modules/object-assign": {
      "version": "4.1.1",
      "license": "MIT",
      "engines": {
        "node": ">=0.10.0"
      }
    },
    "node_modules/object-inspect": {
      "version": "1.13.4",
      "license": "MIT",
      "engines": {
        "node": ">= 0.4"
      },
      "funding": {
        "url": "https://github.com/sponsors/ljharb"
      }
    },
    "node_modules/on-finished": {
      "version": "2.4.1",
      "license": "MIT",
      "dependencies": {
        "ee-first": "1.1.1"
      },
      "engines": {
        "node": ">= 0.8"
      }
    },
    "node_modules/parseurl": {
      "version": "1.3.3",
      "license": "MIT",
      "engines": {
        "node": ">= 0.8"
      }
    },
    "node_modules/path-to-regexp": {
      "version": "0.1.13",
      "license": "MIT"
    },
    "node_modules/proxy-addr": {
      "version": "2.0.7",
      "license": "MIT",
      "dependencies": {
        "forwarded": "0.2.0",
        "ipaddr.js": "1.9.1"
      },
      "engines": {
        "node": ">= 0.10"
      }
    },
    "node_modules/qs": {
      "version": "6.15.2",
      "license": "BSD-3-Clause",
      "dependencies": {
        "side-channel": "^1.1.0"
      },
      "engines": {
        "node": ">=0.6"
      },
      "funding": {
        "url": "https://github.com/sponsors/ljharb"
      }
    },
    "node_modules/range-parser": {
      "version": "1.2.1",
      "license": "MIT",
      "engines": {
        "node": ">= 0.6"
      }
    },
    "node_modules/ruflo": {
      "version": "3.10.37",
      "resolved": "https://registry.npmjs.org/ruflo/-/ruflo-3.10.37.tgz",
      "integrity": "sha512-/KgukkGP8Ku9TX3WRnltvV2w+2OpKb5x+9DRN5srpIFCPOnO7SSSJeLW+jjjxj5CC2+88Qjs3CAD241a5Jgmbw==",
      "license": "MIT",
      "dependencies": {
        "@claude-flow/cli": "^3.10.3"
      },
      "bin": {
        "ruflo": "bin/ruflo.js"
      },
      "engines": {
        "node": ">=20.0.0"
      },
      "funding": {
        "type": "github",
        "url": "https://github.com/sponsors/ruvnet"
      }
    },
    "node_modules/safe-buffer": {
      "version": "5.2.1",
      "funding": [
        {
          "type": "github",
          "url": "https://github.com/sponsors/feross"
        },
        {
          "type": "patreon",
          "url": "https://www.patreon.com/feross"
        },
        {
          "type": "consulting",
          "url": "https://feross.org/support"
        }
      ],
      "license": "MIT"
    },
    "node_modules/safer-buffer": {
      "version": "2.1.2",
      "license": "MIT"
    },
    "node_modules/semver": {
      "version": "7.8.1",
      "license": "ISC",
      "bin": {
        "semver": "bin/semver.js"
      },
      "engines": {
        "node": ">=10"
      }
    },
    "node_modules/send": {
      "version": "0.19.2",
      "license": "MIT",
      "dependencies": {
        "debug": "2.6.9",
        "depd": "2.0.0",
        "destroy": "1.2.0",
        "encodeurl": "~2.0.0",
        "escape-html": "~1.0.3",
        "etag": "~1.8.1",
        "fresh": "~0.5.2",
        "http-errors": "~2.0.1",
        "mime": "1.6.0",
        "ms": "2.1.3",
        "on-finished": "~2.4.1",
        "range-parser": "~1.2.1",
        "statuses": "~2.0.2"
      },
      "engines": {
        "node": ">= 0.8.0"
      }
    },
    "node_modules/send/node_modules/ms": {
      "version": "2.1.3",
      "license": "MIT"
    },
    "node_modules/serve-static": {
      "version": "1.16.3",
      "license": "MIT",
      "dependencies": {
        "encodeurl": "~2.0.0",
        "escape-html": "~1.0.3",
        "parseurl": "~1.3.3",
        "send": "~0.19.1"
      },
      "engines": {
        "node": ">= 0.8.0"
      }
    },
    "node_modules/setprototypeof": {
      "version": "1.2.0",
      "license": "ISC"
    },
    "node_modules/side-channel": {
      "version": "1.1.0",
      "license": "MIT",
      "dependencies": {
        "es-errors": "^1.3.0",
        "object-inspect": "^1.13.3",
        "side-channel-list": "^1.0.0",
        "side-channel-map": "^1.0.1",
        "side-channel-weakmap": "^1.0.2"
      },
      "engines": {
        "node": ">= 0.4"
      },
      "funding": {
        "url": "https://github.com/sponsors/ljharb"
      }
    },
    "node_modules/side-channel-list": {
      "version": "1.0.1",
      "license": "MIT",
      "dependencies": {
        "es-errors": "^1.3.0",
        "object-inspect": "^1.13.4"
      },
      "engines": {
        "node": ">= 0.4"
      },
      "funding": {
        "url": "https://github.com/sponsors/ljharb"
      }
    },
    "node_modules/side-channel-map": {
      "version": "1.0.1",
      "license": "MIT",
      "dependencies": {
        "call-bound": "^1.0.2",
        "es-errors": "^1.3.0",
        "get-intrinsic": "^1.2.5",
        "object-inspect": "^1.13.3"
      },
      "engines": {
        "node": ">= 0.4"
      },
      "funding": {
        "url": "https://github.com/sponsors/ljharb"
      }
    },
    "node_modules/side-channel-weakmap": {
      "version": "1.0.2",
      "license": "MIT",
      "dependencies": {
        "call-bound": "^1.0.2",
        "es-errors": "^1.3.0",
        "get-intrinsic": "^1.2.5",
        "object-inspect": "^1.13.3",
        "side-channel-map": "^1.0.1"
      },
      "engines": {
        "node": ">= 0.4"
      },
      "funding": {
        "url": "https://github.com/sponsors/ljharb"
      }
    },
    "node_modules/sql.js": {
      "version": "1.14.1",
      "license": "MIT"
    },
    "node_modules/statuses": {
      "version": "2.0.2",
      "license": "MIT",
      "engines": {
        "node": ">= 0.8"
      }
    },
    "node_modules/toidentifier": {
      "version": "1.0.1",
      "license": "MIT",
      "engines": {
        "node": ">=0.6"
      }
    },
    "node_modules/type-is": {
      "version": "1.6.18",
      "license": "MIT",
      "dependencies": {
        "media-typer": "0.3.0",
        "mime-types": "~2.1.24"
      },
      "engines": {
        "node": ">= 0.6"
      }
    },
    "node_modules/unpipe": {
      "version": "1.0.0",
      "license": "MIT",
      "engines": {
        "node": ">= 0.8"
      }
    },
    "node_modules/utils-merge": {
      "version": "1.0.1",
      "license": "MIT",
      "engines": {
        "node": ">= 0.4.0"
      }
    },
    "node_modules/vary": {
      "version": "1.1.2",
      "license": "MIT",
      "engines": {
        "node": ">= 0.8"
      }
    },
    "node_modules/ws": {
      "version": "8.21.0",
      "license": "MIT",
      "engines": {
        "node": ">=10.0.0"
      },
      "peerDependencies": {
        "bufferutil": "^4.0.1",
        "utf-8-validate": ">=5.0.2"
      },
      "peerDependenciesMeta": {
        "bufferutil": {
          "optional": true
        },
        "utf-8-validate": {
          "optional": true
        }
      }
    }
  }
}
